
Microsoft Visual Studio Solution File, Format Version 12.00
# Visual Studio 14
VisualStudioVersion = 14.0.25123.0
MinimumVisualStudioVersion = 10.0.40219.1
Project("{00D1A9C2-B5F0-4AF3-8072-F6C62B433612}") = "Database1", "Database1\Database1.sqlproj", "{E8ED5925-448F-4099-9605-C9AA4DAF0CBE}"
EndProject
Global
	GlobalSection(SolutionConfigurationPlatforms) = preSolution
		Debug|Any CPU = Debug|Any CPU
		Release|Any CPU = Release|Any CPU
	EndGlobalSection
	GlobalSection(ProjectConfigurationPlatforms) = postSolution
		{E8ED5925-448F-4099-9605-C9AA4DAF0CBE}.Debug|Any CPU.ActiveCfg = Debug|Any CPU
		{E8ED5925-448F-4099-9605-C9AA4DAF0CBE}.Debug|Any CPU.Build.0 = Debug|Any CPU
		{E8ED5925-448F-4099-9605-C9AA4DAF0CBE}.Debug|Any CPU.Deploy.0 = Debug|Any CPU
		{E8ED5925-448F-4099-9605-C9AA4DAF0CBE}.Release|Any CPU.ActiveCfg = Release|Any CPU
		{E8ED5925-448F-4099-9605-C9AA4DAF0CBE}.Release|Any CPU.Build.0 = Release|Any CPU
		{E8ED5925-448F-4099-9605-C9AA4DAF0CBE}.Release|Any CPU.Deploy.0 = Release|Any CPU
	EndGlobalSection
	GlobalSection(SolutionProperties) = preSolution
		HideSolutionNode = FALSE
	EndGlobalSection
EndGlobal
